
Microsoft Visual Studio Solution File, Format Version 12.00
# Visual Studio Version 17
VisualStudioVersion = 17.5.002.0
MinimumVisualStudioVersion = 10.0.40219.1
Project("{9A19103F-16F7-4668-BE54-9A1E7A4F7556}") = "WebBase", "WebBase.csproj", "{E19FEA7C-5FD4-4D4B-B0C1-479DB8842FF4}"
EndProject
Global
	GlobalSection(SolutionConfigurationPlatforms) = preSolution
		Debug|Any CPU = Debug|Any CPU
		Release|Any CPU = Release|Any CPU
	EndGlobalSection
	GlobalSection(ProjectConfigurationPlatforms) = postSolution
		{E19FEA7C-5FD4-4D4B-B0C1-479DB8842FF4}.Debug|Any CPU.ActiveCfg = Debug|Any CPU
		{E19FEA7C-5FD4-4D4B-B0C1-479DB8842FF4}.Debug|Any CPU.Build.0 = Debug|Any CPU
		{E19FEA7C-5FD4-4D4B-B0C1-479DB8842FF4}.Release|Any CPU.ActiveCfg = Release|Any CPU
		{E19FEA7C-5FD4-4D4B-B0C1-479DB8842FF4}.Release|Any CPU.Build.0 = Release|Any CPU
	EndGlobalSection
	GlobalSection(SolutionProperties) = preSolution
		HideSolutionNode = FALSE
	EndGlobalSection
	GlobalSection(ExtensibilityGlobals) = postSolution
		SolutionGuid = {746057DB-366C-4C4E-A120-13111D8E6C73}
	EndGlobalSection
EndGlobal
